
Microsoft Visual Studio Solution File, Format Version 12.00
# Visual Studio Version 17
VisualStudioVersion = 17.4.33103.184
MinimumVisualStudioVersion = 10.0.40219.1
Project("{9A19103F-16F7-4668-BE54-9A1E7A4F7556}") = "netcoreAPI", "netcoreAPI\netcoreAPI.csproj", "{C11CA5EB-8186-4ECC-8CA6-0E3D91555900}"
EndProject
Project("{9A19103F-16F7-4668-BE54-9A1E7A4F7556}") = "netcoreAPI.Tests", "netcoreAPI.Tests\netcoreAPI.Tests.csproj", "{1D10CA22-6001-4399-B215-AF06A19CB017}"
EndProject
Project("{FAE04EC0-301F-11D3-BF4B-00C04F79EFBC}") = "netcoreAPI.Contracts", "netcoreAPI.Contracts\netcoreAPI.Contracts.csproj", "{71D6E3CB-0705-4B57-AD26-C2C919985F26}"
EndProject
Global
	GlobalSection(SolutionConfigurationPlatforms) = preSolution
		Debug|Any CPU = Debug|Any CPU
		Release|Any CPU = Release|Any CPU
	EndGlobalSection
	GlobalSection(ProjectConfigurationPlatforms) = postSolution
		{C11CA5EB-8186-4ECC-8CA6-0E3D91555900}.Debug|Any CPU.ActiveCfg = Debug|Any CPU
		{C11CA5EB-8186-4ECC-8CA6-0E3D91555900}.Debug|Any CPU.Build.0 = Debug|Any CPU
		{C11CA5EB-8186-4ECC-8CA6-0E3D91555900}.Release|Any CPU.ActiveCfg = Release|Any CPU
		{C11CA5EB-8186-4ECC-8CA6-0E3D91555900}.Release|Any CPU.Build.0 = Release|Any CPU
		{1D10CA22-6001-4399-B215-AF06A19CB017}.Debug|Any CPU.ActiveCfg = Debug|Any CPU
		{1D10CA22-6001-4399-B215-AF06A19CB017}.Debug|Any CPU.Build.0 = Debug|Any CPU
		{1D10CA22-6001-4399-B215-AF06A19CB017}.Release|Any CPU.ActiveCfg = Release|Any CPU
		{1D10CA22-6001-4399-B215-AF06A19CB017}.Release|Any CPU.Build.0 = Release|Any CPU
		{71D6E3CB-0705-4B57-AD26-C2C919985F26}.Debug|Any CPU.ActiveCfg = Debug|Any CPU
		{71D6E3CB-0705-4B57-AD26-C2C919985F26}.Debug|Any CPU.Build.0 = Debug|Any CPU
		{71D6E3CB-0705-4B57-AD26-C2C919985F26}.Release|Any CPU.ActiveCfg = Release|Any CPU
		{71D6E3CB-0705-4B57-AD26-C2C919985F26}.Release|Any CPU.Build.0 = Release|Any CPU
	EndGlobalSection
	GlobalSection(SolutionProperties) = preSolution
		HideSolutionNode = FALSE
	EndGlobalSection
	GlobalSection(ExtensibilityGlobals) = postSolution
		SolutionGuid = {5938873A-3599-4E99-8200-5D34EA7DDDFB}
	EndGlobalSection
EndGlobal
